// !$*UTF8*$!
{
	archiveVersion = 1;
	classes = {
	};
	objectVersion = 56;
	objects = {

/* Begin PBXBuildFile section */
		632423162C7B858800365CCF /* Models.swift in Sources */ = {isa = PBXBuildFile; fileRef = 632423152C7B858800365CCF /* Models.swift */; };
		632423182C7B85E600365CCF /* VocabularySetList.swift in Sources */ = {isa = PBXBuildFile; fileRef = 632423172C7B85E600365CCF /* VocabularySetList.swift */; };
		6324231A2C7B860000365CCF /* AddSetView.swift in Sources */ = {isa = PBXBuildFile; fileRef = 632423192C7B860000365CCF /* AddSetView.swift */; };
		6324231C2C7B861E00365CCF /* SelectLanguageView.swift in Sources */ = {isa = PBXBuildFile; fileRef = 6324231B2C7B861E00365CCF /* SelectLanguageView.swift */; };
		6324231E2C7B863600365CCF /* AddLanguageView.swift in Sources */ = {isa = PBXBuildFile; fileRef = 6324231D2C7B863600365CCF /* AddLanguageView.swift */; };
		632423202C7B865500365CCF /* VocabularySetView.swift in Sources */ = {isa = PBXBuildFile; fileRef = 6324231F2C7B865500365CCF /* VocabularySetView.swift */; };
		632423222C7B867400365CCF /* VocabularySectionView.swift in Sources */ = {isa = PBXBuildFile; fileRef = 632423212C7B867400365CCF /* VocabularySectionView.swift */; };
		632423242C7B868D00365CCF /* AddVocabularySheet.swift in Sources */ = {isa = PBXBuildFile; fileRef = 632423232C7B868D00365CCF /* AddVocabularySheet.swift */; };
		632423262C7B86C000365CCF /* SettingsView.swift in Sources */ = {isa = PBXBuildFile; fileRef = 632423252C7B86C000365CCF /* SettingsView.swift */; };
		632423282C7B8D0800365CCF /* LanguageView.swift in Sources */ = {isa = PBXBuildFile; fileRef = 632423272C7B8D0800365CCF /* LanguageView.swift */; };
		63383D802C7246C200280909 /* VocabularyApp.swift in Sources */ = {isa = PBXBuildFile; fileRef = 63383D7F2C7246C200280909 /* VocabularyApp.swift */; };
		63383D822C7246C200280909 /* ContentView.swift in Sources */ = {isa = PBXBuildFile; fileRef = 63383D812C7246C200280909 /* ContentView.swift */; };
		63383D842C7246C400280909 /* Assets.xcassets in Resources */ = {isa = PBXBuildFile; fileRef = 63383D832C7246C400280909 /* Assets.xcassets */; };
		63383D872C7246C400280909 /* Preview Assets.xcassets in Resources */ = {isa = PBXBuildFile; fileRef = 63383D862C7246C400280909 /* Preview Assets.xcassets */; };
		63383D8E2C72540900280909 /* SheetTopBar.swift in Sources */ = {isa = PBXBuildFile; fileRef = 63383D8D2C72540900280909 /* SheetTopBar.swift */; };
/* End PBXBuildFile section */

/* Begin PBXFileReference section */
		632423152C7B858800365CCF /* Models.swift */ = {isa = PBXFileReference; lastKnownFileType = sourcecode.swift; path = Models.swift; sourceTree = "<group>"; };
		632423172C7B85E600365CCF /* VocabularySetList.swift */ = {isa = PBXFileReference; lastKnownFileType = sourcecode.swift; path = VocabularySetList.swift; sourceTree = "<group>"; };
		632423192C7B860000365CCF /* AddSetView.swift */ = {isa = PBXFileReference; lastKnownFileType = sourcecode.swift; path = AddSetView.swift; sourceTree = "<group>"; };
		6324231B2C7B861E00365CCF /* SelectLanguageView.swift */ = {isa = PBXFileReference; lastKnownFileType = sourcecode.swift; path = SelectLanguageView.swift; sourceTree = "<group>"; };
		6324231D2C7B863600365CCF /* AddLanguageView.swift */ = {isa = PBXFileReference; lastKnownFileType = sourcecode.swift; path = AddLanguageView.swift; sourceTree = "<group>"; };
		6324231F2C7B865500365CCF /* VocabularySetView.swift */ = {isa = PBXFileReference; lastKnownFileType = sourcecode.swift; path = VocabularySetView.swift; sourceTree = "<group>"; };
		632423212C7B867400365CCF /* VocabularySectionView.swift */ = {isa = PBXFileReference; lastKnownFileType = sourcecode.swift; path = VocabularySectionView.swift; sourceTree = "<group>"; };
		632423232C7B868D00365CCF /* AddVocabularySheet.swift */ = {isa = PBXFileReference; lastKnownFileType = sourcecode.swift; path = AddVocabularySheet.swift; sourceTree = "<group>"; };
		632423252C7B86C000365CCF /* SettingsView.swift */ = {isa = PBXFileReference; lastKnownFileType = sourcecode.swift; path = SettingsView.swift; sourceTree = "<group>"; };
		632423272C7B8D0800365CCF /* LanguageView.swift */ = {isa = PBXFileReference; lastKnownFileType = sourcecode.swift; path = LanguageView.swift; sourceTree = "<group>"; };
		63383D7C2C7246C200280909 /* Vocabulary.app */ = {isa = PBXFileReference; explicitFileType = wrapper.application; includeInIndex = 0; path = Vocabulary.app; sourceTree = BUILT_PRODUCTS_DIR; };
		63383D7F2C7246C200280909 /* VocabularyApp.swift */ = {isa = PBXFileReference; lastKnownFileType = sourcecode.swift; path = VocabularyApp.swift; sourceTree = "<group>"; };
		63383D812C7246C200280909 /* ContentView.swift */ = {isa = PBXFileReference; lastKnownFileType = sourcecode.swift; path = ContentView.swift; sourceTree = "<group>"; };
		63383D832C7246C400280909 /* Assets.xcassets */ = {isa = PBXFileReference; lastKnownFileType = folder.assetcatalog; path = Assets.xcassets; sourceTree = "<group>"; };
		63383D862C7246C400280909 /* Preview Assets.xcassets */ = {isa = PBXFileReference; lastKnownFileType = folder.assetcatalog; path = "Preview Assets.xcassets"; sourceTree = "<group>"; };
		63383D8D2C72540900280909 /* SheetTopBar.swift */ = {isa = PBXFileReference; lastKnownFileType = sourcecode.swift; path = SheetTopBar.swift; sourceTree = "<group>"; };
/* End PBXFileReference section */

/* Begin PBXFrameworksBuildPhase section */
		63383D792C7246C200280909 /* Frameworks */ = {
			isa = PBXFrameworksBuildPhase;
			buildActionMask = 2147483647;
			files = (
			);
			runOnlyForDeploymentPostprocessing = 0;
		};
/* End PBXFrameworksBuildPhase section */

/* Begin PBXGroup section */
		63383D732C7246C200280909 = {
			isa = PBXGroup;
			children = (
				63383D7E2C7246C200280909 /* Vocabulary */,
				63383D7D2C7246C200280909 /* Products */,
			);
			sourceTree = "<group>";
		};
		63383D7D2C7246C200280909 /* Products */ = {
			isa = PBXGroup;
			children = (
				63383D7C2C7246C200280909 /* Vocabulary.app */,
			);
			name = Products;
			sourceTree = "<group>";
		};
		63383D7E2C7246C200280909 /* Vocabulary */ = {
			isa = PBXGroup;
			children = (
				63383D7F2C7246C200280909 /* VocabularyApp.swift */,
				63383D812C7246C200280909 /* ContentView.swift */,
				632423272C7B8D0800365CCF /* LanguageView.swift */,
				632423252C7B86C000365CCF /* SettingsView.swift */,
				632423232C7B868D00365CCF /* AddVocabularySheet.swift */,
				632423212C7B867400365CCF /* VocabularySectionView.swift */,
				6324231F2C7B865500365CCF /* VocabularySetView.swift */,
				6324231D2C7B863600365CCF /* AddLanguageView.swift */,
				6324231B2C7B861E00365CCF /* SelectLanguageView.swift */,
				632423192C7B860000365CCF /* AddSetView.swift */,
				632423172C7B85E600365CCF /* VocabularySetList.swift */,
				632423152C7B858800365CCF /* Models.swift */,
				63383D8D2C72540900280909 /* SheetTopBar.swift */,
				63383D832C7246C400280909 /* Assets.xcassets */,
				63383D852C7246C400280909 /* Preview Content */,
			);
			path = Vocabulary;
			sourceTree = "<group>";
		};
		63383D852C7246C400280909 /* Preview Content */ = {
			isa = PBXGroup;
			children = (
				63383D862C7246C400280909 /* Preview Assets.xcassets */,
			);
			path = "Preview Content";
			sourceTree = "<group>";
		};
/* End PBXGroup section */

/* Begin PBXNativeTarget section */
		63383D7B2C7246C200280909 /* Vocabulary */ = {
			isa = PBXNativeTarget;
			buildConfigurationList = 63383D8A2C7246C400280909 /* Build configuration list for PBXNativeTarget "Vocabulary" */;
			buildPhases = (
				63383D782C7246C200280909 /* Sources */,
				63383D792C7246C200280909 /* Frameworks */,
				63383D7A2C7246C200280909 /* Resources */,
			);
			buildRules = (
			);
			dependencies = (
			);
			name = Vocabulary;
			productName = Vocabulary;
			productReference = 63383D7C2C7246C200280909 /* Vocabulary.app */;
			productType = "com.apple.product-type.application";
		};
/* End PBXNativeTarget section */

/* Begin PBXProject section */
		63383D742C7246C200280909 /* Project object */ = {
			isa = PBXProject;
			attributes = {
				BuildIndependentTargetsInParallel = 1;
				LastSwiftUpdateCheck = 1540;
				LastUpgradeCheck = 1540;
				TargetAttributes = {
					63383D7B2C7246C200280909 = {
						CreatedOnToolsVersion = 15.4;
					};
				};
			};
			buildConfigurationList = 63383D772C7246C200280909 /* Build configuration list for PBXProject "Vocabulary" */;
			compatibilityVersion = "Xcode 14.0";
			developmentRegion = en;
			hasScannedForEncodings = 0;
			knownRegions = (
				en,
				Base,
				de,
			);
			mainGroup = 63383D732C7246C200280909;
			productRefGroup = 63383D7D2C7246C200280909 /* Products */;
			projectDirPath = "";
			projectRoot = "";
			targets = (
				63383D7B2C7246C200280909 /* Vocabulary */,
			);
		};
/* End PBXProject section */

/* Begin PBXResourcesBuildPhase section */
		63383D7A2C7246C200280909 /* Resources */ = {
			isa = PBXResourcesBuildPhase;
			buildActionMask = 2147483647;
			files = (
				63383D872C7246C400280909 /* Preview Assets.xcassets in Resources */,
				63383D842C7246C400280909 /* Assets.xcassets in Resources */,
			);
			runOnlyForDeploymentPostprocessing = 0;
		};
/* End PBXResourcesBuildPhase section */

/* Begin PBXSourcesBuildPhase section */
		63383D782C7246C200280909 /* Sources */ = {
			isa = PBXSourcesBuildPhase;
			buildActionMask = 2147483647;
			files = (
				6324231E2C7B863600365CCF /* AddLanguageView.swift in Sources */,
				63383D822C7246C200280909 /* ContentView.swift in Sources */,
				632423282C7B8D0800365CCF /* LanguageView.swift in Sources */,
				63383D802C7246C200280909 /* VocabularyApp.swift in Sources */,
				632423182C7B85E600365CCF /* VocabularySetList.swift in Sources */,
				632423242C7B868D00365CCF /* AddVocabularySheet.swift in Sources */,
				63383D8E2C72540900280909 /* SheetTopBar.swift in Sources */,
				6324231C2C7B861E00365CCF /* SelectLanguageView.swift in Sources */,
				632423202C7B865500365CCF /* VocabularySetView.swift in Sources */,
				632423162C7B858800365CCF /* Models.swift in Sources */,
				632423262C7B86C000365CCF /* SettingsView.swift in Sources */,
				632423222C7B867400365CCF /* VocabularySectionView.swift in Sources */,
				6324231A2C7B860000365CCF /* AddSetView.swift in Sources */,
			);
			runOnlyForDeploymentPostprocessing = 0;
		};
/* End PBXSourcesBuildPhase section */

/* Begin XCBuildConfiguration section */
		63383D882C7246C400280909 /* Debug */ = {
			isa = XCBuildConfiguration;
			buildSettings = {
				ALWAYS_SEARCH_USER_PATHS = NO;
				ASSETCATALOG_COMPILER_GENERATE_SWIFT_ASSET_SYMBOL_EXTENSIONS = YES;
				CLANG_ANALYZER_NONNULL = YES;
				CLANG_ANALYZER_NUMBER_OBJECT_CONVERSION = YES_AGGRESSIVE;
				CLANG_CXX_LANGUAGE_STANDARD = "gnu++20";
				CLANG_ENABLE_MODULES = YES;
				CLANG_ENABLE_OBJC_ARC = YES;
				CLANG_ENABLE_OBJC_WEAK = YES;
				CLANG_WARN_BLOCK_CAPTURE_AUTORELEASING = YES;
				CLANG_WARN_BOOL_CONVERSION = YES;
				CLANG_WARN_COMMA = YES;
				CLANG_WARN_CONSTANT_CONVERSION = YES;
				CLANG_WARN_DEPRECATED_OBJC_IMPLEMENTATIONS = YES;
				CLANG_WARN_DIRECT_OBJC_ISA_USAGE = YES_ERROR;
				CLANG_WARN_DOCUMENTATION_COMMENTS = YES;
				CLANG_WARN_EMPTY_BODY = YES;
				CLANG_WARN_ENUM_CONVERSION = YES;
				CLANG_WARN_INFINITE_RECURSION = YES;
				CLANG_WARN_INT_CONVERSION = YES;
				CLANG_WARN_NON_LITERAL_NULL_CONVERSION = YES;
				CLANG_WARN_OBJC_IMPLICIT_RETAIN_SELF = YES;
				CLANG_WARN_OBJC_LITERAL_CONVERSION = YES;
				CLANG_WARN_OBJC_ROOT_CLASS = YES_ERROR;
				CLANG_WARN_QUOTED_INCLUDE_IN_FRAMEWORK_HEADER = YES;
				CLANG_WARN_RANGE_LOOP_ANALYSIS = YES;
				CLANG_WARN_STRICT_PROTOTYPES = YES;
				CLANG_WARN_SUSPICIOUS_MOVE = YES;
				CLANG_WARN_UNGUARDED_AVAILABILITY = YES_AGGRESSIVE;
				CLANG_WARN_UNREACHABLE_CODE = YES;
				CLANG_WARN__DUPLICATE_METHOD_MATCH = YES;
				COPY_PHASE_STRIP = NO;
				DEBUG_INFORMATION_FORMAT = dwarf;
				ENABLE_STRICT_OBJC_MSGSEND = YES;
				ENABLE_TESTABILITY = YES;
				ENABLE_USER_SCRIPT_SANDBOXING = YES;
				GCC_C_LANGUAGE_STANDARD = gnu17;
				GCC_DYNAMIC_NO_PIC = NO;
				GCC_NO_COMMON_BLOCKS = YES;
				GCC_OPTIMIZATION_LEVEL = 0;
				GCC_PREPROCESSOR_DEFINITIONS = (
					"DEBUG=1",
					"$(inherited)",
				);
				GCC_WARN_64_TO_32_BIT_CONVERSION = YES;
				GCC_WARN_ABOUT_RETURN_TYPE = YES_ERROR;
				GCC_WARN_UNDECLARED_SELECTOR = YES;
				GCC_WARN_UNINITIALIZED_AUTOS = YES_AGGRESSIVE;
				GCC_WARN_UNUSED_FUNCTION = YES;
				GCC_WARN_UNUSED_VARIABLE = YES;
				IPHONEOS_DEPLOYMENT_TARGET = 17.5;
				LOCALIZATION_PREFERS_STRING_CATALOGS = YES;
				MTL_ENABLE_DEBUG_INFO = INCLUDE_SOURCE;
				MTL_FAST_MATH = YES;
				ONLY_ACTIVE_ARCH = YES;
				SDKROOT = iphoneos;
				SWIFT_ACTIVE_COMPILATION_CONDITIONS = "DEBUG $(inherited)";
				SWIFT_OPTIMIZATION_LEVEL = "-Onone";
			};
			name = Debug;
		};
		63383D892C7246C400280909 /* Release */ = {
			isa = XCBuildConfiguration;
			buildSettings = {
				ALWAYS_SEARCH_USER_PATHS = NO;
				ASSETCATALOG_COMPILER_GENERATE_SWIFT_ASSET_SYMBOL_EXTENSIONS = YES;
				CLANG_ANALYZER_NONNULL = YES;
				CLANG_ANALYZER_NUMBER_OBJECT_CONVERSION = YES_AGGRESSIVE;
				CLANG_CXX_LANGUAGE_STANDARD = "gnu++20";
				CLANG_ENABLE_MODULES = YES;
				CLANG_ENABLE_OBJC_ARC = YES;
				CLANG_ENABLE_OBJC_WEAK = YES;
				CLANG_WARN_BLOCK_CAPTURE_AUTORELEASING = YES;
				CLANG_WARN_BOOL_CONVERSION = YES;
				CLANG_WARN_COMMA = YES;
				CLANG_WARN_CONSTANT_CONVERSION = YES;
				CLANG_WARN_DEPRECATED_OBJC_IMPLEMENTATIONS = YES;
				CLANG_WARN_DIRECT_OBJC_ISA_USAGE = YES_ERROR;
				CLANG_WARN_DOCUMENTATION_COMMENTS = YES;
				CLANG_WARN_EMPTY_BODY = YES;
				CLANG_WARN_ENUM_CONVERSION = YES;
				CLANG_WARN_INFINITE_RECURSION = YES;
				CLANG_WARN_INT_CONVERSION = YES;
				CLANG_WARN_NON_LITERAL_NULL_CONVERSION = YES;
				CLANG_WARN_OBJC_IMPLICIT_RETAIN_SELF = YES;
				CLANG_WARN_OBJC_LITERAL_CONVERSION = YES;
				CLANG_WARN_OBJC_ROOT_CLASS = YES_ERROR;
				CLANG_WARN_QUOTED_INCLUDE_IN_FRAMEWORK_HEADER = YES;
				CLANG_WARN_RANGE_LOOP_ANALYSIS = YES;
				CLANG_WARN_STRICT_PROTOTYPES = YES;
				CLANG_WARN_SUSPICIOUS_MOVE = YES;
				CLANG_WARN_UNGUARDED_AVAILABILITY = YES_AGGRESSIVE;
				CLANG_WARN_UNREACHABLE_CODE = YES;
				CLANG_WARN__DUPLICATE_METHOD_MATCH = YES;
				COPY_PHASE_STRIP = NO;
				DEBUG_INFORMATION_FORMAT = "dwarf-with-dsym";
				ENABLE_NS_ASSERTIONS = NO;
				ENABLE_STRICT_OBJC_MSGSEND = YES;
				ENABLE_USER_SCRIPT_SANDBOXING = YES;
				GCC_C_LANGUAGE_STANDARD = gnu17;
				GCC_NO_COMMON_BLOCKS = YES;
				GCC_WARN_64_TO_32_BIT_CONVERSION = YES;
				GCC_WARN_ABOUT_RETURN_TYPE = YES_ERROR;
				GCC_WARN_UNDECLARED_SELECTOR = YES;
				GCC_WARN_UNINITIALIZED_AUTOS = YES_AGGRESSIVE;
				GCC_WARN_UNUSED_FUNCTION = YES;
				GCC_WARN_UNUSED_VARIABLE = YES;
				IPHONEOS_DEPLOYMENT_TARGET = 17.5;
				LOCALIZATION_PREFERS_STRING_CATALOGS = YES;
				MTL_ENABLE_DEBUG_INFO = NO;
				MTL_FAST_MATH = YES;
				SDKROOT = iphoneos;
				SWIFT_COMPILATION_MODE = wholemodule;
				VALIDATE_PRODUCT = YES;
			};
			name = Release;
		};
		63383D8B2C7246C400280909 /* Debug */ = {
			isa = XCBuildConfiguration;
			buildSettings = {
				ASSETCATALOG_COMPILER_APPICON_NAME = AppIcon;
				ASSETCATALOG_COMPILER_GLOBAL_ACCENT_COLOR_NAME = AccentColor;
				CODE_SIGN_STYLE = Automatic;
				CURRENT_PROJECT_VERSION = 2;
				DEVELOPMENT_ASSET_PATHS = "\"Vocabulary/Preview Content\"";
				DEVELOPMENT_TEAM = 63B37H5Z9V;
				ENABLE_PREVIEWS = YES;
				GENERATE_INFOPLIST_FILE = YES;
				INFOPLIST_KEY_UIApplicationSceneManifest_Generation = YES;
				INFOPLIST_KEY_UIApplicationSupportsIndirectInputEvents = YES;
				INFOPLIST_KEY_UILaunchScreen_Generation = YES;
				INFOPLIST_KEY_UISupportedInterfaceOrientations_iPad = "UIInterfaceOrientationPortrait UIInterfaceOrientationPortraitUpsideDown UIInterfaceOrientationLandscapeLeft UIInterfaceOrientationLandscapeRight";
				INFOPLIST_KEY_UISupportedInterfaceOrientations_iPhone = "UIInterfaceOrientationPortrait UIInterfaceOrientationLandscapeLeft UIInterfaceOrientationLandscapeRight";
				LD_RUNPATH_SEARCH_PATHS = (
					"$(inherited)",
					"@executable_path/Frameworks",
				);
				MARKETING_VERSION = 0.1.1;
				PRODUCT_BUNDLE_IDENTIFIER = de.cleverlemming1337.Vocabulary;
				PRODUCT_NAME = "$(TARGET_NAME)";
				SUPPORTED_PLATFORMS = "appletvos appletvsimulator iphoneos iphonesimulator macosx";
				SUPPORTS_MACCATALYST = NO;
				SUPPORTS_MAC_DESIGNED_FOR_IPHONE_IPAD = NO;
				SWIFT_EMIT_LOC_STRINGS = YES;
				SWIFT_VERSION = 5.0;
				TARGETED_DEVICE_FAMILY = "1,2,3";
			};
			name = Debug;
		};
		63383D8C2C7246C400280909 /* Release */ = {
			isa = XCBuildConfiguration;
			buildSettings = {
				ASSETCATALOG_COMPILER_APPICON_NAME = AppIcon;
				ASSETCATALOG_COMPILER_GLOBAL_ACCENT_COLOR_NAME = AccentColor;
				CODE_SIGN_STYLE = Automatic;
				CURRENT_PROJECT_VERSION = 2;
				DEVELOPMENT_ASSET_PATHS = "\"Vocabulary/Preview Content\"";
				DEVELOPMENT_TEAM = 63B37H5Z9V;
				ENABLE_PREVIEWS = YES;
				GENERATE_INFOPLIST_FILE = YES;
				INFOPLIST_KEY_UIApplicationSceneManifest_Generation = YES;
				INFOPLIST_KEY_UIApplicationSupportsIndirectInputEvents = YES;
				INFOPLIST_KEY_UILaunchScreen_Generation = YES;
				INFOPLIST_KEY_UISupportedInterfaceOrientations_iPad = "UIInterfaceOrientationPortrait UIInterfaceOrientationPortraitUpsideDown UIInterfaceOrientationLandscapeLeft UIInterfaceOrientationLandscapeRight";
				INFOPLIST_KEY_UISupportedInterfaceOrientations_iPhone = "UIInterfaceOrientationPortrait UIInterfaceOrientationLandscapeLeft UIInterfaceOrientationLandscapeRight";
				LD_RUNPATH_SEARCH_PATHS = (
					"$(inherited)",
					"@executable_path/Frameworks",
				);
				MARKETING_VERSION = 0.1.1;
				PRODUCT_BUNDLE_IDENTIFIER = de.cleverlemming1337.Vocabulary;
				PRODUCT_NAME = "$(TARGET_NAME)";
				SUPPORTED_PLATFORMS = "appletvos appletvsimulator iphoneos iphonesimulator macosx";
				SUPPORTS_MACCATALYST = NO;
				SUPPORTS_MAC_DESIGNED_FOR_IPHONE_IPAD = NO;
				SWIFT_EMIT_LOC_STRINGS = YES;
				SWIFT_VERSION = 5.0;
				TARGETED_DEVICE_FAMILY = "1,2,3";
			};
			name = Release;
		};
/* End XCBuildConfiguration section */

/* Begin XCConfigurationList section */
		63383D772C7246C200280909 /* Build configuration list for PBXProject "Vocabulary" */ = {
			isa = XCConfigurationList;
			buildConfigurations = (
				63383D882C7246C400280909 /* Debug */,
				63383D892C7246C400280909 /* Release */,
			);
			defaultConfigurationIsVisible = 0;
			defaultConfigurationName = Release;
		};
		63383D8A2C7246C400280909 /* Build configuration list for PBXNativeTarget "Vocabulary" */ = {
			isa = XCConfigurationList;
			buildConfigurations = (
				63383D8B2C7246C400280909 /* Debug */,
				63383D8C2C7246C400280909 /* Release */,
			);
			defaultConfigurationIsVisible = 0;
			defaultConfigurationName = Release;
		};
/* End XCConfigurationList section */
	};
	rootObject = 63383D742C7246C200280909 /* Project object */;
}
